// !$*UTF8*$!
{
	archiveVersion = 1;
	classes = {
	};
	objectVersion = 56;
	objects = {

/* Begin PBXBuildFile section */
		252B39EDFDC76153475B1F5E /* Pods_DreamLife.framework in Frameworks */ = {isa = PBXBuildFile; fileRef = 64AD2B4F72C7596ADF235131 /* Pods_DreamLife.framework */; };
		8BB50EFE2AE9F9C400DA148B /* AppDelegate.swift in Sources */ = {isa = PBXBuildFile; fileRef = 8BB50EFD2AE9F9C400DA148B /* AppDelegate.swift */; };
		8BB50F002AE9F9C400DA148B /* SceneDelegate.swift in Sources */ = {isa = PBXBuildFile; fileRef = 8BB50EFF2AE9F9C400DA148B /* SceneDelegate.swift */; };
		8BB50F022AE9F9C400DA148B /* ViewController.swift in Sources */ = {isa = PBXBuildFile; fileRef = 8BB50F012AE9F9C400DA148B /* ViewController.swift */; };
		8BB50F052AE9F9C400DA148B /* Main.storyboard in Resources */ = {isa = PBXBuildFile; fileRef = 8BB50F032AE9F9C400DA148B /* Main.storyboard */; };
		8BB50F072AE9F9C600DA148B /* Assets.xcassets in Resources */ = {isa = PBXBuildFile; fileRef = 8BB50F062AE9F9C600DA148B /* Assets.xcassets */; };
		8BB50F0A2AE9F9C600DA148B /* LaunchScreen.storyboard in Resources */ = {isa = PBXBuildFile; fileRef = 8BB50F082AE9F9C600DA148B /* LaunchScreen.storyboard */; };
		8BB50F182AEA512900DA148B /* GSConst.swift in Sources */ = {isa = PBXBuildFile; fileRef = 8BB50F172AEA512900DA148B /* GSConst.swift */; };
		8BB50F1A2AEA554B00DA148B /* HomeFundCell.swift in Sources */ = {isa = PBXBuildFile; fileRef = 8BB50F192AEA554B00DA148B /* HomeFundCell.swift */; };
		8BB50F1C2AEA604D00DA148B /* FundModel.swift in Sources */ = {isa = PBXBuildFile; fileRef = 8BB50F1B2AEA604D00DA148B /* FundModel.swift */; };
		8BB50F1E2AEA670200DA148B /* FundAddViewController.swift in Sources */ = {isa = PBXBuildFile; fileRef = 8BB50F1D2AEA670200DA148B /* FundAddViewController.swift */; };
		8BB50F212AEA6EED00DA148B /* BaseViewController.swift in Sources */ = {isa = PBXBuildFile; fileRef = 8BB50F202AEA6EED00DA148B /* BaseViewController.swift */; };
		8BB50F232AEA713D00DA148B /* TestModel.swift in Sources */ = {isa = PBXBuildFile; fileRef = 8BB50F222AEA713D00DA148B /* TestModel.swift */; };
/* End PBXBuildFile section */

/* Begin PBXFileReference section */
		64AD2B4F72C7596ADF235131 /* Pods_DreamLife.framework */ = {isa = PBXFileReference; explicitFileType = wrapper.framework; includeInIndex = 0; path = Pods_DreamLife.framework; sourceTree = BUILT_PRODUCTS_DIR; };
		8BB50EFA2AE9F9C400DA148B /* DreamLife.app */ = {isa = PBXFileReference; explicitFileType = wrapper.application; includeInIndex = 0; path = DreamLife.app; sourceTree = BUILT_PRODUCTS_DIR; };
		8BB50EFD2AE9F9C400DA148B /* AppDelegate.swift */ = {isa = PBXFileReference; lastKnownFileType = sourcecode.swift; path = AppDelegate.swift; sourceTree = "<group>"; };
		8BB50EFF2AE9F9C400DA148B /* SceneDelegate.swift */ = {isa = PBXFileReference; lastKnownFileType = sourcecode.swift; path = SceneDelegate.swift; sourceTree = "<group>"; };
		8BB50F012AE9F9C400DA148B /* ViewController.swift */ = {isa = PBXFileReference; lastKnownFileType = sourcecode.swift; path = ViewController.swift; sourceTree = "<group>"; };
		8BB50F042AE9F9C400DA148B /* Base */ = {isa = PBXFileReference; lastKnownFileType = file.storyboard; name = Base; path = Base.lproj/Main.storyboard; sourceTree = "<group>"; };
		8BB50F062AE9F9C600DA148B /* Assets.xcassets */ = {isa = PBXFileReference; lastKnownFileType = folder.assetcatalog; path = Assets.xcassets; sourceTree = "<group>"; };
		8BB50F092AE9F9C600DA148B /* Base */ = {isa = PBXFileReference; lastKnownFileType = file.storyboard; name = Base; path = Base.lproj/LaunchScreen.storyboard; sourceTree = "<group>"; };
		8BB50F0B2AE9F9C600DA148B /* Info.plist */ = {isa = PBXFileReference; lastKnownFileType = text.plist.xml; path = Info.plist; sourceTree = "<group>"; };
		8BB50F172AEA512900DA148B /* GSConst.swift */ = {isa = PBXFileReference; fileEncoding = 4; lastKnownFileType = sourcecode.swift; name = GSConst.swift; path = "../../../../../PudongNews-iOS/PudongNews/GSConst.swift"; sourceTree = "<group>"; };
		8BB50F192AEA554B00DA148B /* HomeFundCell.swift */ = {isa = PBXFileReference; lastKnownFileType = sourcecode.swift; path = HomeFundCell.swift; sourceTree = "<group>"; };
		8BB50F1B2AEA604D00DA148B /* FundModel.swift */ = {isa = PBXFileReference; lastKnownFileType = sourcecode.swift; path = FundModel.swift; sourceTree = "<group>"; };
		8BB50F1D2AEA670200DA148B /* FundAddViewController.swift */ = {isa = PBXFileReference; lastKnownFileType = sourcecode.swift; path = FundAddViewController.swift; sourceTree = "<group>"; };
		8BB50F202AEA6EED00DA148B /* BaseViewController.swift */ = {isa = PBXFileReference; lastKnownFileType = sourcecode.swift; path = BaseViewController.swift; sourceTree = "<group>"; };
		8BB50F222AEA713D00DA148B /* TestModel.swift */ = {isa = PBXFileReference; lastKnownFileType = sourcecode.swift; path = TestModel.swift; sourceTree = "<group>"; };
		B92227B089080636048C675C /* Pods-DreamLife.debug.xcconfig */ = {isa = PBXFileReference; includeInIndex = 1; lastKnownFileType = text.xcconfig; name = "Pods-DreamLife.debug.xcconfig"; path = "Target Support Files/Pods-DreamLife/Pods-DreamLife.debug.xcconfig"; sourceTree = "<group>"; };
		C79948F88753CB91647276E5 /* Pods-DreamLife.release.xcconfig */ = {isa = PBXFileReference; includeInIndex = 1; lastKnownFileType = text.xcconfig; name = "Pods-DreamLife.release.xcconfig"; path = "Target Support Files/Pods-DreamLife/Pods-DreamLife.release.xcconfig"; sourceTree = "<group>"; };
/* End PBXFileReference section */

/* Begin PBXFrameworksBuildPhase section */
		8BB50EF72AE9F9C400DA148B /* Frameworks */ = {
			isa = PBXFrameworksBuildPhase;
			buildActionMask = 2147483647;
			files = (
				252B39EDFDC76153475B1F5E /* Pods_DreamLife.framework in Frameworks */,
			);
			runOnlyForDeploymentPostprocessing = 0;
		};
/* End PBXFrameworksBuildPhase section */

/* Begin PBXGroup section */
		8BB50EF12AE9F9C400DA148B = {
			isa = PBXGroup;
			children = (
				8BB50EFC2AE9F9C400DA148B /* DreamLife */,
				8BB50EFB2AE9F9C400DA148B /* Products */,
				EDF3CE415917F82A69846E96 /* Pods */,
				BFE2F161CCC6FA8B46D2F90C /* Frameworks */,
			);
			sourceTree = "<group>";
		};
		8BB50EFB2AE9F9C400DA148B /* Products */ = {
			isa = PBXGroup;
			children = (
				8BB50EFA2AE9F9C400DA148B /* DreamLife.app */,
			);
			name = Products;
			sourceTree = "<group>";
		};
		8BB50EFC2AE9F9C400DA148B /* DreamLife */ = {
			isa = PBXGroup;
			children = (
				8BB50F162AEA4B0900DA148B /* Utility */,
				8BB50F112AEA4ACC00DA148B /* Sections */,
				8BB50EFD2AE9F9C400DA148B /* AppDelegate.swift */,
				8BB50F172AEA512900DA148B /* GSConst.swift */,
				8BB50EFF2AE9F9C400DA148B /* SceneDelegate.swift */,
				8BB50F032AE9F9C400DA148B /* Main.storyboard */,
				8BB50F062AE9F9C600DA148B /* Assets.xcassets */,
				8BB50F082AE9F9C600DA148B /* LaunchScreen.storyboard */,
				8BB50F0B2AE9F9C600DA148B /* Info.plist */,
			);
			path = DreamLife;
			sourceTree = "<group>";
		};
		8BB50F112AEA4ACC00DA148B /* Sections */ = {
			isa = PBXGroup;
			children = (
				8BB50F1F2AEA6EDB00DA148B /* Base */,
				8BB50F122AEA4ADA00DA148B /* Home */,
			);
			path = Sections;
			sourceTree = "<group>";
		};
		8BB50F122AEA4ADA00DA148B /* Home */ = {
			isa = PBXGroup;
			children = (
				8BB50F152AEA4AF800DA148B /* Controllers */,
				8BB50F142AEA4AF000DA148B /* Views */,
				8BB50F132AEA4AE000DA148B /* Models */,
			);
			path = Home;
			sourceTree = "<group>";
		};
		8BB50F132AEA4AE000DA148B /* Models */ = {
			isa = PBXGroup;
			children = (
				8BB50F1B2AEA604D00DA148B /* FundModel.swift */,
				8BB50F222AEA713D00DA148B /* TestModel.swift */,
			);
			path = Models;
			sourceTree = "<group>";
		};
		8BB50F142AEA4AF000DA148B /* Views */ = {
			isa = PBXGroup;
			children = (
				8BB50F192AEA554B00DA148B /* HomeFundCell.swift */,
			);
			path = Views;
			sourceTree = "<group>";
		};
		8BB50F152AEA4AF800DA148B /* Controllers */ = {
			isa = PBXGroup;
			children = (
				8BB50F012AE9F9C400DA148B /* ViewController.swift */,
				8BB50F1D2AEA670200DA148B /* FundAddViewController.swift */,
			);
			path = Controllers;
			sourceTree = "<group>";
		};
		8BB50F162AEA4B0900DA148B /* Utility */ = {
			isa = PBXGroup;
			children = (
			);
			path = Utility;
			sourceTree = "<group>";
		};
		8BB50F1F2AEA6EDB00DA148B /* Base */ = {
			isa = PBXGroup;
			children = (
				8BB50F202AEA6EED00DA148B /* BaseViewController.swift */,
			);
			path = Base;
			sourceTree = "<group>";
		};
		BFE2F161CCC6FA8B46D2F90C /* Frameworks */ = {
			isa = PBXGroup;
			children = (
				64AD2B4F72C7596ADF235131 /* Pods_DreamLife.framework */,
			);
			name = Frameworks;
			sourceTree = "<group>";
		};
		EDF3CE415917F82A69846E96 /* Pods */ = {
			isa = PBXGroup;
			children = (
				B92227B089080636048C675C /* Pods-DreamLife.debug.xcconfig */,
				C79948F88753CB91647276E5 /* Pods-DreamLife.release.xcconfig */,
			);
			path = Pods;
			sourceTree = "<group>";
		};
/* End PBXGroup section */

/* Begin PBXNativeTarget section */
		8BB50EF92AE9F9C400DA148B /* DreamLife */ = {
			isa = PBXNativeTarget;
			buildConfigurationList = 8BB50F0E2AE9F9C600DA148B /* Build configuration list for PBXNativeTarget "DreamLife" */;
			buildPhases = (
				CB2248C6C7AA98BCD5A4249A /* [CP] Check Pods Manifest.lock */,
				8BB50EF62AE9F9C400DA148B /* Sources */,
				8BB50EF72AE9F9C400DA148B /* Frameworks */,
				8BB50EF82AE9F9C400DA148B /* Resources */,
				A4A48B006E888BF214117E3B /* [CP] Embed Pods Frameworks */,
			);
			buildRules = (
			);
			dependencies = (
			);
			name = DreamLife;
			productName = DreamLife;
			productReference = 8BB50EFA2AE9F9C400DA148B /* DreamLife.app */;
			productType = "com.apple.product-type.application";
		};
/* End PBXNativeTarget section */

/* Begin PBXProject section */
		8BB50EF22AE9F9C400DA148B /* Project object */ = {
			isa = PBXProject;
			attributes = {
				BuildIndependentTargetsInParallel = 1;
				LastSwiftUpdateCheck = 1420;
				LastUpgradeCheck = 1420;
				TargetAttributes = {
					8BB50EF92AE9F9C400DA148B = {
						CreatedOnToolsVersion = 14.2;
					};
				};
			};
			buildConfigurationList = 8BB50EF52AE9F9C400DA148B /* Build configuration list for PBXProject "DreamLife" */;
			compatibilityVersion = "Xcode 14.0";
			developmentRegion = en;
			hasScannedForEncodings = 0;
			knownRegions = (
				en,
				Base,
			);
			mainGroup = 8BB50EF12AE9F9C400DA148B;
			productRefGroup = 8BB50EFB2AE9F9C400DA148B /* Products */;
			projectDirPath = "";
			projectRoot = "";
			targets = (
				8BB50EF92AE9F9C400DA148B /* DreamLife */,
			);
		};
/* End PBXProject section */

/* Begin PBXResourcesBuildPhase section */
		8BB50EF82AE9F9C400DA148B /* Resources */ = {
			isa = PBXResourcesBuildPhase;
			buildActionMask = 2147483647;
			files = (
				8BB50F0A2AE9F9C600DA148B /* LaunchScreen.storyboard in Resources */,
				8BB50F072AE9F9C600DA148B /* Assets.xcassets in Resources */,
				8BB50F052AE9F9C400DA148B /* Main.storyboard in Resources */,
			);
			runOnlyForDeploymentPostprocessing = 0;
		};
/* End PBXResourcesBuildPhase section */

/* Begin PBXShellScriptBuildPhase section */
		A4A48B006E888BF214117E3B /* [CP] Embed Pods Frameworks */ = {
			isa = PBXShellScriptBuildPhase;
			buildActionMask = 2147483647;
			files = (
			);
			inputFileListPaths = (
				"${PODS_ROOT}/Target Support Files/Pods-DreamLife/Pods-DreamLife-frameworks-${CONFIGURATION}-input-files.xcfilelist",
			);
			name = "[CP] Embed Pods Frameworks";
			outputFileListPaths = (
				"${PODS_ROOT}/Target Support Files/Pods-DreamLife/Pods-DreamLife-frameworks-${CONFIGURATION}-output-files.xcfilelist",
			);
			runOnlyForDeploymentPostprocessing = 0;
			shellPath = /bin/sh;
			shellScript = "\"${PODS_ROOT}/Target Support Files/Pods-DreamLife/Pods-DreamLife-frameworks.sh\"\n";
			showEnvVarsInLog = 0;
		};
		CB2248C6C7AA98BCD5A4249A /* [CP] Check Pods Manifest.lock */ = {
			isa = PBXShellScriptBuildPhase;
			buildActionMask = 2147483647;
			files = (
			);
			inputFileListPaths = (
			);
			inputPaths = (
				"${PODS_PODFILE_DIR_PATH}/Podfile.lock",
				"${PODS_ROOT}/Manifest.lock",
			);
			name = "[CP] Check Pods Manifest.lock";
			outputFileListPaths = (
			);
			outputPaths = (
				"$(DERIVED_FILE_DIR)/Pods-DreamLife-checkManifestLockResult.txt",
			);
			runOnlyForDeploymentPostprocessing = 0;
			shellPath = /bin/sh;
			shellScript = "diff \"${PODS_PODFILE_DIR_PATH}/Podfile.lock\" \"${PODS_ROOT}/Manifest.lock\" > /dev/null\nif [ $? != 0 ] ; then\n    # print error to STDERR\n    echo \"error: The sandbox is not in sync with the Podfile.lock. Run 'pod install' or update your CocoaPods installation.\" >&2\n    exit 1\nfi\n# This output is used by Xcode 'outputs' to avoid re-running this script phase.\necho \"SUCCESS\" > \"${SCRIPT_OUTPUT_FILE_0}\"\n";
			showEnvVarsInLog = 0;
		};
/* End PBXShellScriptBuildPhase section */

/* Begin PBXSourcesBuildPhase section */
		8BB50EF62AE9F9C400DA148B /* Sources */ = {
			isa = PBXSourcesBuildPhase;
			buildActionMask = 2147483647;
			files = (
				8BB50F022AE9F9C400DA148B /* ViewController.swift in Sources */,
				8BB50F182AEA512900DA148B /* GSConst.swift in Sources */,
				8BB50EFE2AE9F9C400DA148B /* AppDelegate.swift in Sources */,
				8BB50F232AEA713D00DA148B /* TestModel.swift in Sources */,
				8BB50F1A2AEA554B00DA148B /* HomeFundCell.swift in Sources */,
				8BB50F1C2AEA604D00DA148B /* FundModel.swift in Sources */,
				8BB50F212AEA6EED00DA148B /* BaseViewController.swift in Sources */,
				8BB50F1E2AEA670200DA148B /* FundAddViewController.swift in Sources */,
				8BB50F002AE9F9C400DA148B /* SceneDelegate.swift in Sources */,
			);
			runOnlyForDeploymentPostprocessing = 0;
		};
/* End PBXSourcesBuildPhase section */

/* Begin PBXVariantGroup section */
		8BB50F032AE9F9C400DA148B /* Main.storyboard */ = {
			isa = PBXVariantGroup;
			children = (
				8BB50F042AE9F9C400DA148B /* Base */,
			);
			name = Main.storyboard;
			sourceTree = "<group>";
		};
		8BB50F082AE9F9C600DA148B /* LaunchScreen.storyboard */ = {
			isa = PBXVariantGroup;
			children = (
				8BB50F092AE9F9C600DA148B /* Base */,
			);
			name = LaunchScreen.storyboard;
			sourceTree = "<group>";
		};
/* End PBXVariantGroup section */

/* Begin XCBuildConfiguration section */
		8BB50F0C2AE9F9C600DA148B /* Debug */ = {
			isa = XCBuildConfiguration;
			buildSettings = {
				ALWAYS_SEARCH_USER_PATHS = NO;
				CLANG_ANALYZER_NONNULL = YES;
				CLANG_ANALYZER_NUMBER_OBJECT_CONVERSION = YES_AGGRESSIVE;
				CLANG_CXX_LANGUAGE_STANDARD = "gnu++20";
				CLANG_ENABLE_MODULES = YES;
				CLANG_ENABLE_OBJC_ARC = YES;
				CLANG_ENABLE_OBJC_WEAK = YES;
				CLANG_WARN_BLOCK_CAPTURE_AUTORELEASING = YES;
				CLANG_WARN_BOOL_CONVERSION = YES;
				CLANG_WARN_COMMA = YES;
				CLANG_WARN_CONSTANT_CONVERSION = YES;
				CLANG_WARN_DEPRECATED_OBJC_IMPLEMENTATIONS = YES;
				CLANG_WARN_DIRECT_OBJC_ISA_USAGE = YES_ERROR;
				CLANG_WARN_DOCUMENTATION_COMMENTS = YES;
				CLANG_WARN_EMPTY_BODY = YES;
				CLANG_WARN_ENUM_CONVERSION = YES;
				CLANG_WARN_INFINITE_RECURSION = YES;
				CLANG_WARN_INT_CONVERSION = YES;
				CLANG_WARN_NON_LITERAL_NULL_CONVERSION = YES;
				CLANG_WARN_OBJC_IMPLICIT_RETAIN_SELF = YES;
				CLANG_WARN_OBJC_LITERAL_CONVERSION = YES;
				CLANG_WARN_OBJC_ROOT_CLASS = YES_ERROR;
				CLANG_WARN_QUOTED_INCLUDE_IN_FRAMEWORK_HEADER = YES;
				CLANG_WARN_RANGE_LOOP_ANALYSIS = YES;
				CLANG_WARN_STRICT_PROTOTYPES = YES;
				CLANG_WARN_SUSPICIOUS_MOVE = YES;
				CLANG_WARN_UNGUARDED_AVAILABILITY = YES_AGGRESSIVE;
				CLANG_WARN_UNREACHABLE_CODE = YES;
				CLANG_WARN__DUPLICATE_METHOD_MATCH = YES;
				COPY_PHASE_STRIP = NO;
				DEBUG_INFORMATION_FORMAT = dwarf;
				ENABLE_STRICT_OBJC_MSGSEND = YES;
				ENABLE_TESTABILITY = YES;
				GCC_C_LANGUAGE_STANDARD = gnu11;
				GCC_DYNAMIC_NO_PIC = NO;
				GCC_NO_COMMON_BLOCKS = YES;
				GCC_OPTIMIZATION_LEVEL = 0;
				GCC_PREPROCESSOR_DEFINITIONS = (
					"DEBUG=1",
					"$(inherited)",
				);
				GCC_WARN_64_TO_32_BIT_CONVERSION = YES;
				GCC_WARN_ABOUT_RETURN_TYPE = YES_ERROR;
				GCC_WARN_UNDECLARED_SELECTOR = YES;
				GCC_WARN_UNINITIALIZED_AUTOS = YES_AGGRESSIVE;
				GCC_WARN_UNUSED_FUNCTION = YES;
				GCC_WARN_UNUSED_VARIABLE = YES;
				IPHONEOS_DEPLOYMENT_TARGET = 16.2;
				MTL_ENABLE_DEBUG_INFO = INCLUDE_SOURCE;
				MTL_FAST_MATH = YES;
				ONLY_ACTIVE_ARCH = YES;
				SDKROOT = iphoneos;
				SWIFT_ACTIVE_COMPILATION_CONDITIONS = DEBUG;
				SWIFT_OPTIMIZATION_LEVEL = "-Onone";
			};
			name = Debug;
		};
		8BB50F0D2AE9F9C600DA148B /* Release */ = {
			isa = XCBuildConfiguration;
			buildSettings = {
				ALWAYS_SEARCH_USER_PATHS = NO;
				CLANG_ANALYZER_NONNULL = YES;
				CLANG_ANALYZER_NUMBER_OBJECT_CONVERSION = YES_AGGRESSIVE;
				CLANG_CXX_LANGUAGE_STANDARD = "gnu++20";
				CLANG_ENABLE_MODULES = YES;
				CLANG_ENABLE_OBJC_ARC = YES;
				CLANG_ENABLE_OBJC_WEAK = YES;
				CLANG_WARN_BLOCK_CAPTURE_AUTORELEASING = YES;
				CLANG_WARN_BOOL_CONVERSION = YES;
				CLANG_WARN_COMMA = YES;
				CLANG_WARN_CONSTANT_CONVERSION = YES;
				CLANG_WARN_DEPRECATED_OBJC_IMPLEMENTATIONS = YES;
				CLANG_WARN_DIRECT_OBJC_ISA_USAGE = YES_ERROR;
				CLANG_WARN_DOCUMENTATION_COMMENTS = YES;
				CLANG_WARN_EMPTY_BODY = YES;
				CLANG_WARN_ENUM_CONVERSION = YES;
				CLANG_WARN_INFINITE_RECURSION = YES;
				CLANG_WARN_INT_CONVERSION = YES;
				CLANG_WARN_NON_LITERAL_NULL_CONVERSION = YES;
				CLANG_WARN_OBJC_IMPLICIT_RETAIN_SELF = YES;
				CLANG_WARN_OBJC_LITERAL_CONVERSION = YES;
				CLANG_WARN_OBJC_ROOT_CLASS = YES_ERROR;
				CLANG_WARN_QUOTED_INCLUDE_IN_FRAMEWORK_HEADER = YES;
				CLANG_WARN_RANGE_LOOP_ANALYSIS = YES;
				CLANG_WARN_STRICT_PROTOTYPES = YES;
				CLANG_WARN_SUSPICIOUS_MOVE = YES;
				CLANG_WARN_UNGUARDED_AVAILABILITY = YES_AGGRESSIVE;
				CLANG_WARN_UNREACHABLE_CODE = YES;
				CLANG_WARN__DUPLICATE_METHOD_MATCH = YES;
				COPY_PHASE_STRIP = NO;
				DEBUG_INFORMATION_FORMAT = "dwarf-with-dsym";
				ENABLE_NS_ASSERTIONS = NO;
				ENABLE_STRICT_OBJC_MSGSEND = YES;
				GCC_C_LANGUAGE_STANDARD = gnu11;
				GCC_NO_COMMON_BLOCKS = YES;
				GCC_WARN_64_TO_32_BIT_CONVERSION = YES;
				GCC_WARN_ABOUT_RETURN_TYPE = YES_ERROR;
				GCC_WARN_UNDECLARED_SELECTOR = YES;
				GCC_WARN_UNINITIALIZED_AUTOS = YES_AGGRESSIVE;
				GCC_WARN_UNUSED_FUNCTION = YES;
				GCC_WARN_UNUSED_VARIABLE = YES;
				IPHONEOS_DEPLOYMENT_TARGET = 16.2;
				MTL_ENABLE_DEBUG_INFO = NO;
				MTL_FAST_MATH = YES;
				SDKROOT = iphoneos;
				SWIFT_COMPILATION_MODE = wholemodule;
				SWIFT_OPTIMIZATION_LEVEL = "-O";
				VALIDATE_PRODUCT = YES;
			};
			name = Release;
		};
		8BB50F0F2AE9F9C600DA148B /* Debug */ = {
			isa = XCBuildConfiguration;
			baseConfigurationReference = B92227B089080636048C675C /* Pods-DreamLife.debug.xcconfig */;
			buildSettings = {
				ASSETCATALOG_COMPILER_APPICON_NAME = AppIcon;
				ASSETCATALOG_COMPILER_GLOBAL_ACCENT_COLOR_NAME = AccentColor;
				CODE_SIGN_STYLE = Automatic;
				CURRENT_PROJECT_VERSION = 1;
				DEVELOPMENT_TEAM = UC4C6H8RR8;
				GENERATE_INFOPLIST_FILE = YES;
				INFOPLIST_FILE = DreamLife/Info.plist;
				INFOPLIST_KEY_UIApplicationSupportsIndirectInputEvents = YES;
				INFOPLIST_KEY_UILaunchStoryboardName = LaunchScreen;
				INFOPLIST_KEY_UIMainStoryboardFile = Main;
				INFOPLIST_KEY_UISupportedInterfaceOrientations_iPad = "UIInterfaceOrientationPortrait UIInterfaceOrientationPortraitUpsideDown UIInterfaceOrientationLandscapeLeft UIInterfaceOrientationLandscapeRight";
				INFOPLIST_KEY_UISupportedInterfaceOrientations_iPhone = "UIInterfaceOrientationPortrait UIInterfaceOrientationLandscapeLeft UIInterfaceOrientationLandscapeRight";
				IPHONEOS_DEPLOYMENT_TARGET = 14.3;
				LD_RUNPATH_SEARCH_PATHS = (
					"$(inherited)",
					"@executable_path/Frameworks",
				);
				MARKETING_VERSION = 1.0;
				PRODUCT_BUNDLE_IDENTIFIER = com.newsAppSC.app.DreamLife;
				PRODUCT_NAME = "$(TARGET_NAME)";
				SWIFT_EMIT_LOC_STRINGS = YES;
				SWIFT_VERSION = 5.0;
				TARGETED_DEVICE_FAMILY = "1,2";
			};
			name = Debug;
		};
		8BB50F102AE9F9C600DA148B /* Release */ = {
			isa = XCBuildConfiguration;
			baseConfigurationReference = C79948F88753CB91647276E5 /* Pods-DreamLife.release.xcconfig */;
			buildSettings = {
				ASSETCATALOG_COMPILER_APPICON_NAME = AppIcon;
				ASSETCATALOG_COMPILER_GLOBAL_ACCENT_COLOR_NAME = AccentColor;
				CODE_SIGN_STYLE = Automatic;
				CURRENT_PROJECT_VERSION = 1;
				DEVELOPMENT_TEAM = UC4C6H8RR8;
				GENERATE_INFOPLIST_FILE = YES;
				INFOPLIST_FILE = DreamLife/Info.plist;
				INFOPLIST_KEY_UIApplicationSupportsIndirectInputEvents = YES;
				INFOPLIST_KEY_UILaunchStoryboardName = LaunchScreen;
				INFOPLIST_KEY_UIMainStoryboardFile = Main;
				INFOPLIST_KEY_UISupportedInterfaceOrientations_iPad = "UIInterfaceOrientationPortrait UIInterfaceOrientationPortraitUpsideDown UIInterfaceOrientationLandscapeLeft UIInterfaceOrientationLandscapeRight";
				INFOPLIST_KEY_UISupportedInterfaceOrientations_iPhone = "UIInterfaceOrientationPortrait UIInterfaceOrientationLandscapeLeft UIInterfaceOrientationLandscapeRight";
				IPHONEOS_DEPLOYMENT_TARGET = 14.3;
				LD_RUNPATH_SEARCH_PATHS = (
					"$(inherited)",
					"@executable_path/Frameworks",
				);
				MARKETING_VERSION = 1.0;
				PRODUCT_BUNDLE_IDENTIFIER = com.newsAppSC.app.DreamLife;
				PRODUCT_NAME = "$(TARGET_NAME)";
				SWIFT_EMIT_LOC_STRINGS = YES;
				SWIFT_VERSION = 5.0;
				TARGETED_DEVICE_FAMILY = "1,2";
			};
			name = Release;
		};
/* End XCBuildConfiguration section */

/* Begin XCConfigurationList section */
		8BB50EF52AE9F9C400DA148B /* Build configuration list for PBXProject "DreamLife" */ = {
			isa = XCConfigurationList;
			buildConfigurations = (
				8BB50F0C2AE9F9C600DA148B /* Debug */,
				8BB50F0D2AE9F9C600DA148B /* Release */,
			);
			defaultConfigurationIsVisible = 0;
			defaultConfigurationName = Release;
		};
		8BB50F0E2AE9F9C600DA148B /* Build configuration list for PBXNativeTarget "DreamLife" */ = {
			isa = XCConfigurationList;
			buildConfigurations = (
				8BB50F0F2AE9F9C600DA148B /* Debug */,
				8BB50F102AE9F9C600DA148B /* Release */,
			);
			defaultConfigurationIsVisible = 0;
			defaultConfigurationName = Release;
		};
/* End XCConfigurationList section */
	};
	rootObject = 8BB50EF22AE9F9C400DA148B /* Project object */;
}
